// !$*UTF8*$!
{
	archiveVersion = 1;
	classes = {
	};
	objectVersion = 56;
	objects = {

/* Begin PBXBuildFile section */
		C13CD63A291351CE0024F1DA /* Network.swift in Sources */ = {isa = PBXBuildFile; fileRef = C13CD639291351CE0024F1DA /* Network.swift */; };
		C13CD63C291352F80024F1DA /* ProfileViewModel.swift in Sources */ = {isa = PBXBuildFile; fileRef = C13CD63B291352F80024F1DA /* ProfileViewModel.swift */; };
		C13CD63F291353E20024F1DA /* RxCocoa in Frameworks */ = {isa = PBXBuildFile; productRef = C13CD63E291353E20024F1DA /* RxCocoa */; };
		C13CD641291353E20024F1DA /* RxSwift in Frameworks */ = {isa = PBXBuildFile; productRef = C13CD640291353E20024F1DA /* RxSwift */; };
		C13CD644291356B80024F1DA /* SnapKit in Frameworks */ = {isa = PBXBuildFile; productRef = C13CD643291356B80024F1DA /* SnapKit */; };
		C13CD646291362870024F1DA /* SubscriptExample.swift in Sources */ = {isa = PBXBuildFile; fileRef = C13CD645291362870024F1DA /* SubscriptExample.swift */; };
		C1BDE8CF29120A0F00408BB3 /* AppDelegate.swift in Sources */ = {isa = PBXBuildFile; fileRef = C1BDE8CE29120A0F00408BB3 /* AppDelegate.swift */; };
		C1BDE8D129120A0F00408BB3 /* SceneDelegate.swift in Sources */ = {isa = PBXBuildFile; fileRef = C1BDE8D029120A0F00408BB3 /* SceneDelegate.swift */; };
		C1BDE8D329120A0F00408BB3 /* ViewController.swift in Sources */ = {isa = PBXBuildFile; fileRef = C1BDE8D229120A0F00408BB3 /* ViewController.swift */; };
		C1BDE8D629120A0F00408BB3 /* Main.storyboard in Resources */ = {isa = PBXBuildFile; fileRef = C1BDE8D429120A0F00408BB3 /* Main.storyboard */; };
		C1BDE8D829120A1000408BB3 /* Assets.xcassets in Resources */ = {isa = PBXBuildFile; fileRef = C1BDE8D729120A1000408BB3 /* Assets.xcassets */; };
		C1BDE8DB29120A1000408BB3 /* LaunchScreen.storyboard in Resources */ = {isa = PBXBuildFile; fileRef = C1BDE8D929120A1000408BB3 /* LaunchScreen.storyboard */; };
		C1BDE8E429120A2300408BB3 /* Alamofire in Frameworks */ = {isa = PBXBuildFile; productRef = C1BDE8E329120A2300408BB3 /* Alamofire */; };
		C1BDE8E729120EFE00408BB3 /* APIService.swift in Sources */ = {isa = PBXBuildFile; fileRef = C1BDE8E629120EFE00408BB3 /* APIService.swift */; };
		C1BDE8E929121BE500408BB3 /* Endpoint.swift in Sources */ = {isa = PBXBuildFile; fileRef = C1BDE8E829121BE500408BB3 /* Endpoint.swift */; };
/* End PBXBuildFile section */

/* Begin PBXFileReference section */
		C13CD639291351CE0024F1DA /* Network.swift */ = {isa = PBXFileReference; lastKnownFileType = sourcecode.swift; path = Network.swift; sourceTree = "<group>"; };
		C13CD63B291352F80024F1DA /* ProfileViewModel.swift */ = {isa = PBXFileReference; lastKnownFileType = sourcecode.swift; path = ProfileViewModel.swift; sourceTree = "<group>"; };
		C13CD645291362870024F1DA /* SubscriptExample.swift */ = {isa = PBXFileReference; lastKnownFileType = sourcecode.swift; path = SubscriptExample.swift; sourceTree = "<group>"; };
		C1BDE8CB29120A0F00408BB3 /* SeSACWeek18.app */ = {isa = PBXFileReference; explicitFileType = wrapper.application; includeInIndex = 0; path = SeSACWeek18.app; sourceTree = BUILT_PRODUCTS_DIR; };
		C1BDE8CE29120A0F00408BB3 /* AppDelegate.swift */ = {isa = PBXFileReference; lastKnownFileType = sourcecode.swift; path = AppDelegate.swift; sourceTree = "<group>"; };
		C1BDE8D029120A0F00408BB3 /* SceneDelegate.swift */ = {isa = PBXFileReference; lastKnownFileType = sourcecode.swift; path = SceneDelegate.swift; sourceTree = "<group>"; };
		C1BDE8D229120A0F00408BB3 /* ViewController.swift */ = {isa = PBXFileReference; lastKnownFileType = sourcecode.swift; path = ViewController.swift; sourceTree = "<group>"; };
		C1BDE8D529120A0F00408BB3 /* Base */ = {isa = PBXFileReference; lastKnownFileType = file.storyboard; name = Base; path = Base.lproj/Main.storyboard; sourceTree = "<group>"; };
		C1BDE8D729120A1000408BB3 /* Assets.xcassets */ = {isa = PBXFileReference; lastKnownFileType = folder.assetcatalog; path = Assets.xcassets; sourceTree = "<group>"; };
		C1BDE8DA29120A1000408BB3 /* Base */ = {isa = PBXFileReference; lastKnownFileType = file.storyboard; name = Base; path = Base.lproj/LaunchScreen.storyboard; sourceTree = "<group>"; };
		C1BDE8DC29120A1000408BB3 /* Info.plist */ = {isa = PBXFileReference; lastKnownFileType = text.plist.xml; path = Info.plist; sourceTree = "<group>"; };
		C1BDE8E629120EFE00408BB3 /* APIService.swift */ = {isa = PBXFileReference; lastKnownFileType = sourcecode.swift; path = APIService.swift; sourceTree = "<group>"; };
		C1BDE8E829121BE500408BB3 /* Endpoint.swift */ = {isa = PBXFileReference; lastKnownFileType = sourcecode.swift; path = Endpoint.swift; sourceTree = "<group>"; };
/* End PBXFileReference section */

/* Begin PBXFrameworksBuildPhase section */
		C1BDE8C829120A0F00408BB3 /* Frameworks */ = {
			isa = PBXFrameworksBuildPhase;
			buildActionMask = 2147483647;
			files = (
				C13CD641291353E20024F1DA /* RxSwift in Frameworks */,
				C13CD644291356B80024F1DA /* SnapKit in Frameworks */,
				C13CD63F291353E20024F1DA /* RxCocoa in Frameworks */,
				C1BDE8E429120A2300408BB3 /* Alamofire in Frameworks */,
			);
			runOnlyForDeploymentPostprocessing = 0;
		};
/* End PBXFrameworksBuildPhase section */

/* Begin PBXGroup section */
		C1BDE8C229120A0F00408BB3 = {
			isa = PBXGroup;
			children = (
				C1BDE8CD29120A0F00408BB3 /* SeSACWeek18 */,
				C1BDE8CC29120A0F00408BB3 /* Products */,
			);
			sourceTree = "<group>";
		};
		C1BDE8CC29120A0F00408BB3 /* Products */ = {
			isa = PBXGroup;
			children = (
				C1BDE8CB29120A0F00408BB3 /* SeSACWeek18.app */,
			);
			name = Products;
			sourceTree = "<group>";
		};
		C1BDE8CD29120A0F00408BB3 /* SeSACWeek18 */ = {
			isa = PBXGroup;
			children = (
				C1BDE8E529120EE900408BB3 /* Network */,
				C1BDE8CE29120A0F00408BB3 /* AppDelegate.swift */,
				C1BDE8D029120A0F00408BB3 /* SceneDelegate.swift */,
				C1BDE8D229120A0F00408BB3 /* ViewController.swift */,
				C1BDE8D429120A0F00408BB3 /* Main.storyboard */,
				C1BDE8D729120A1000408BB3 /* Assets.xcassets */,
				C1BDE8D929120A1000408BB3 /* LaunchScreen.storyboard */,
				C1BDE8DC29120A1000408BB3 /* Info.plist */,
				C13CD63B291352F80024F1DA /* ProfileViewModel.swift */,
				C13CD645291362870024F1DA /* SubscriptExample.swift */,
			);
			path = SeSACWeek18;
			sourceTree = "<group>";
		};
		C1BDE8E529120EE900408BB3 /* Network */ = {
			isa = PBXGroup;
			children = (
				C1BDE8E629120EFE00408BB3 /* APIService.swift */,
				C1BDE8E829121BE500408BB3 /* Endpoint.swift */,
				C13CD639291351CE0024F1DA /* Network.swift */,
			);
			path = Network;
			sourceTree = "<group>";
		};
/* End PBXGroup section */

/* Begin PBXNativeTarget section */
		C1BDE8CA29120A0F00408BB3 /* SeSACWeek18 */ = {
			isa = PBXNativeTarget;
			buildConfigurationList = C1BDE8DF29120A1000408BB3 /* Build configuration list for PBXNativeTarget "SeSACWeek18" */;
			buildPhases = (
				C1BDE8C729120A0F00408BB3 /* Sources */,
				C1BDE8C829120A0F00408BB3 /* Frameworks */,
				C1BDE8C929120A0F00408BB3 /* Resources */,
			);
			buildRules = (
			);
			dependencies = (
			);
			name = SeSACWeek18;
			packageProductDependencies = (
				C1BDE8E329120A2300408BB3 /* Alamofire */,
				C13CD63E291353E20024F1DA /* RxCocoa */,
				C13CD640291353E20024F1DA /* RxSwift */,
				C13CD643291356B80024F1DA /* SnapKit */,
			);
			productName = SeSACWeek18;
			productReference = C1BDE8CB29120A0F00408BB3 /* SeSACWeek18.app */;
			productType = "com.apple.product-type.application";
		};
/* End PBXNativeTarget section */

/* Begin PBXProject section */
		C1BDE8C329120A0F00408BB3 /* Project object */ = {
			isa = PBXProject;
			attributes = {
				BuildIndependentTargetsInParallel = 1;
				LastSwiftUpdateCheck = 1400;
				LastUpgradeCheck = 1400;
				TargetAttributes = {
					C1BDE8CA29120A0F00408BB3 = {
						CreatedOnToolsVersion = 14.0.1;
					};
				};
			};
			buildConfigurationList = C1BDE8C629120A0F00408BB3 /* Build configuration list for PBXProject "SeSACWeek18" */;
			compatibilityVersion = "Xcode 14.0";
			developmentRegion = en;
			hasScannedForEncodings = 0;
			knownRegions = (
				en,
				Base,
			);
			mainGroup = C1BDE8C229120A0F00408BB3;
			packageReferences = (
				C1BDE8E229120A2300408BB3 /* XCRemoteSwiftPackageReference "Alamofire" */,
				C13CD63D291353E20024F1DA /* XCRemoteSwiftPackageReference "RxSwift" */,
				C13CD642291356B80024F1DA /* XCRemoteSwiftPackageReference "SnapKit" */,
			);
			productRefGroup = C1BDE8CC29120A0F00408BB3 /* Products */;
			projectDirPath = "";
			projectRoot = "";
			targets = (
				C1BDE8CA29120A0F00408BB3 /* SeSACWeek18 */,
			);
		};
/* End PBXProject section */

/* Begin PBXResourcesBuildPhase section */
		C1BDE8C929120A0F00408BB3 /* Resources */ = {
			isa = PBXResourcesBuildPhase;
			buildActionMask = 2147483647;
			files = (
				C1BDE8DB29120A1000408BB3 /* LaunchScreen.storyboard in Resources */,
				C1BDE8D829120A1000408BB3 /* Assets.xcassets in Resources */,
				C1BDE8D629120A0F00408BB3 /* Main.storyboard in Resources */,
			);
			runOnlyForDeploymentPostprocessing = 0;
		};
/* End PBXResourcesBuildPhase section */

/* Begin PBXSourcesBuildPhase section */
		C1BDE8C729120A0F00408BB3 /* Sources */ = {
			isa = PBXSourcesBuildPhase;
			buildActionMask = 2147483647;
			files = (
				C1BDE8D329120A0F00408BB3 /* ViewController.swift in Sources */,
				C1BDE8CF29120A0F00408BB3 /* AppDelegate.swift in Sources */,
				C13CD63A291351CE0024F1DA /* Network.swift in Sources */,
				C1BDE8E729120EFE00408BB3 /* APIService.swift in Sources */,
				C13CD646291362870024F1DA /* SubscriptExample.swift in Sources */,
				C1BDE8D129120A0F00408BB3 /* SceneDelegate.swift in Sources */,
				C1BDE8E929121BE500408BB3 /* Endpoint.swift in Sources */,
				C13CD63C291352F80024F1DA /* ProfileViewModel.swift in Sources */,
			);
			runOnlyForDeploymentPostprocessing = 0;
		};
/* End PBXSourcesBuildPhase section */

/* Begin PBXVariantGroup section */
		C1BDE8D429120A0F00408BB3 /* Main.storyboard */ = {
			isa = PBXVariantGroup;
			children = (
				C1BDE8D529120A0F00408BB3 /* Base */,
			);
			name = Main.storyboard;
			sourceTree = "<group>";
		};
		C1BDE8D929120A1000408BB3 /* LaunchScreen.storyboard */ = {
			isa = PBXVariantGroup;
			children = (
				C1BDE8DA29120A1000408BB3 /* Base */,
			);
			name = LaunchScreen.storyboard;
			sourceTree = "<group>";
		};
/* End PBXVariantGroup section */

/* Begin XCBuildConfiguration section */
		C1BDE8DD29120A1000408BB3 /* Debug */ = {
			isa = XCBuildConfiguration;
			buildSettings = {
				ALWAYS_SEARCH_USER_PATHS = NO;
				CLANG_ANALYZER_NONNULL = YES;
				CLANG_ANALYZER_NUMBER_OBJECT_CONVERSION = YES_AGGRESSIVE;
				CLANG_CXX_LANGUAGE_STANDARD = "gnu++20";
				CLANG_ENABLE_MODULES = YES;
				CLANG_ENABLE_OBJC_ARC = YES;
				CLANG_ENABLE_OBJC_WEAK = YES;
				CLANG_WARN_BLOCK_CAPTURE_AUTORELEASING = YES;
				CLANG_WARN_BOOL_CONVERSION = YES;
				CLANG_WARN_COMMA = YES;
				CLANG_WARN_CONSTANT_CONVERSION = YES;
				CLANG_WARN_DEPRECATED_OBJC_IMPLEMENTATIONS = YES;
				CLANG_WARN_DIRECT_OBJC_ISA_USAGE = YES_ERROR;
				CLANG_WARN_DOCUMENTATION_COMMENTS = YES;
				CLANG_WARN_EMPTY_BODY = YES;
				CLANG_WARN_ENUM_CONVERSION = YES;
				CLANG_WARN_INFINITE_RECURSION = YES;
				CLANG_WARN_INT_CONVERSION = YES;
				CLANG_WARN_NON_LITERAL_NULL_CONVERSION = YES;
				CLANG_WARN_OBJC_IMPLICIT_RETAIN_SELF = YES;
				CLANG_WARN_OBJC_LITERAL_CONVERSION = YES;
				CLANG_WARN_OBJC_ROOT_CLASS = YES_ERROR;
				CLANG_WARN_QUOTED_INCLUDE_IN_FRAMEWORK_HEADER = YES;
				CLANG_WARN_RANGE_LOOP_ANALYSIS = YES;
				CLANG_WARN_STRICT_PROTOTYPES = YES;
				CLANG_WARN_SUSPICIOUS_MOVE = YES;
				CLANG_WARN_UNGUARDED_AVAILABILITY = YES_AGGRESSIVE;
				CLANG_WARN_UNREACHABLE_CODE = YES;
				CLANG_WARN__DUPLICATE_METHOD_MATCH = YES;
				COPY_PHASE_STRIP = NO;
				DEBUG_INFORMATION_FORMAT = dwarf;
				ENABLE_STRICT_OBJC_MSGSEND = YES;
				ENABLE_TESTABILITY = YES;
				GCC_C_LANGUAGE_STANDARD = gnu11;
				GCC_DYNAMIC_NO_PIC = NO;
				GCC_NO_COMMON_BLOCKS = YES;
				GCC_OPTIMIZATION_LEVEL = 0;
				GCC_PREPROCESSOR_DEFINITIONS = (
					"DEBUG=1",
					"$(inherited)",
				);
				GCC_WARN_64_TO_32_BIT_CONVERSION = YES;
				GCC_WARN_ABOUT_RETURN_TYPE = YES_ERROR;
				GCC_WARN_UNDECLARED_SELECTOR = YES;
				GCC_WARN_UNINITIALIZED_AUTOS = YES_AGGRESSIVE;
				GCC_WARN_UNUSED_FUNCTION = YES;
				GCC_WARN_UNUSED_VARIABLE = YES;
				IPHONEOS_DEPLOYMENT_TARGET = 16.0;
				MTL_ENABLE_DEBUG_INFO = INCLUDE_SOURCE;
				MTL_FAST_MATH = YES;
				ONLY_ACTIVE_ARCH = YES;
				SDKROOT = iphoneos;
				SWIFT_ACTIVE_COMPILATION_CONDITIONS = DEBUG;
				SWIFT_OPTIMIZATION_LEVEL = "-Onone";
			};
			name = Debug;
		};
		C1BDE8DE29120A1000408BB3 /* Release */ = {
			isa = XCBuildConfiguration;
			buildSettings = {
				ALWAYS_SEARCH_USER_PATHS = NO;
				CLANG_ANALYZER_NONNULL = YES;
				CLANG_ANALYZER_NUMBER_OBJECT_CONVERSION = YES_AGGRESSIVE;
				CLANG_CXX_LANGUAGE_STANDARD = "gnu++20";
				CLANG_ENABLE_MODULES = YES;
				CLANG_ENABLE_OBJC_ARC = YES;
				CLANG_ENABLE_OBJC_WEAK = YES;
				CLANG_WARN_BLOCK_CAPTURE_AUTORELEASING = YES;
				CLANG_WARN_BOOL_CONVERSION = YES;
				CLANG_WARN_COMMA = YES;
				CLANG_WARN_CONSTANT_CONVERSION = YES;
				CLANG_WARN_DEPRECATED_OBJC_IMPLEMENTATIONS = YES;
				CLANG_WARN_DIRECT_OBJC_ISA_USAGE = YES_ERROR;
				CLANG_WARN_DOCUMENTATION_COMMENTS = YES;
				CLANG_WARN_EMPTY_BODY = YES;
				CLANG_WARN_ENUM_CONVERSION = YES;
				CLANG_WARN_INFINITE_RECURSION = YES;
				CLANG_WARN_INT_CONVERSION = YES;
				CLANG_WARN_NON_LITERAL_NULL_CONVERSION = YES;
				CLANG_WARN_OBJC_IMPLICIT_RETAIN_SELF = YES;
				CLANG_WARN_OBJC_LITERAL_CONVERSION = YES;
				CLANG_WARN_OBJC_ROOT_CLASS = YES_ERROR;
				CLANG_WARN_QUOTED_INCLUDE_IN_FRAMEWORK_HEADER = YES;
				CLANG_WARN_RANGE_LOOP_ANALYSIS = YES;
				CLANG_WARN_STRICT_PROTOTYPES = YES;
				CLANG_WARN_SUSPICIOUS_MOVE = YES;
				CLANG_WARN_UNGUARDED_AVAILABILITY = YES_AGGRESSIVE;
				CLANG_WARN_UNREACHABLE_CODE = YES;
				CLANG_WARN__DUPLICATE_METHOD_MATCH = YES;
				COPY_PHASE_STRIP = NO;
				DEBUG_INFORMATION_FORMAT = "dwarf-with-dsym";
				ENABLE_NS_ASSERTIONS = NO;
				ENABLE_STRICT_OBJC_MSGSEND = YES;
				GCC_C_LANGUAGE_STANDARD = gnu11;
				GCC_NO_COMMON_BLOCKS = YES;
				GCC_WARN_64_TO_32_BIT_CONVERSION = YES;
				GCC_WARN_ABOUT_RETURN_TYPE = YES_ERROR;
				GCC_WARN_UNDECLARED_SELECTOR = YES;
				GCC_WARN_UNINITIALIZED_AUTOS = YES_AGGRESSIVE;
				GCC_WARN_UNUSED_FUNCTION = YES;
				GCC_WARN_UNUSED_VARIABLE = YES;
				IPHONEOS_DEPLOYMENT_TARGET = 16.0;
				MTL_ENABLE_DEBUG_INFO = NO;
				MTL_FAST_MATH = YES;
				SDKROOT = iphoneos;
				SWIFT_COMPILATION_MODE = wholemodule;
				SWIFT_OPTIMIZATION_LEVEL = "-O";
				VALIDATE_PRODUCT = YES;
			};
			name = Release;
		};
		C1BDE8E029120A1000408BB3 /* Debug */ = {
			isa = XCBuildConfiguration;
			buildSettings = {
				ASSETCATALOG_COMPILER_APPICON_NAME = AppIcon;
				ASSETCATALOG_COMPILER_GLOBAL_ACCENT_COLOR_NAME = AccentColor;
				CODE_SIGN_STYLE = Automatic;
				CURRENT_PROJECT_VERSION = 1;
				DEVELOPMENT_TEAM = 54R3763M9G;
				GENERATE_INFOPLIST_FILE = YES;
				INFOPLIST_FILE = SeSACWeek18/Info.plist;
				INFOPLIST_KEY_UIApplicationSupportsIndirectInputEvents = YES;
				INFOPLIST_KEY_UILaunchStoryboardName = LaunchScreen;
				INFOPLIST_KEY_UIMainStoryboardFile = Main;
				INFOPLIST_KEY_UISupportedInterfaceOrientations_iPad = "UIInterfaceOrientationPortrait UIInterfaceOrientationPortraitUpsideDown UIInterfaceOrientationLandscapeLeft UIInterfaceOrientationLandscapeRight";
				INFOPLIST_KEY_UISupportedInterfaceOrientations_iPhone = "UIInterfaceOrientationPortrait UIInterfaceOrientationLandscapeLeft UIInterfaceOrientationLandscapeRight";
				LD_RUNPATH_SEARCH_PATHS = (
					"$(inherited)",
					"@executable_path/Frameworks",
				);
				MARKETING_VERSION = 1.0;
				PRODUCT_BUNDLE_IDENTIFIER = com.skylerLee.SeSACWeek18;
				PRODUCT_NAME = "$(TARGET_NAME)";
				SWIFT_EMIT_LOC_STRINGS = YES;
				SWIFT_VERSION = 5.0;
				TARGETED_DEVICE_FAMILY = "1,2";
			};
			name = Debug;
		};
		C1BDE8E129120A1000408BB3 /* Release */ = {
			isa = XCBuildConfiguration;
			buildSettings = {
				ASSETCATALOG_COMPILER_APPICON_NAME = AppIcon;
				ASSETCATALOG_COMPILER_GLOBAL_ACCENT_COLOR_NAME = AccentColor;
				CODE_SIGN_STYLE = Automatic;
				CURRENT_PROJECT_VERSION = 1;
				DEVELOPMENT_TEAM = 54R3763M9G;
				GENERATE_INFOPLIST_FILE = YES;
				INFOPLIST_FILE = SeSACWeek18/Info.plist;
				INFOPLIST_KEY_UIApplicationSupportsIndirectInputEvents = YES;
				INFOPLIST_KEY_UILaunchStoryboardName = LaunchScreen;
				INFOPLIST_KEY_UIMainStoryboardFile = Main;
				INFOPLIST_KEY_UISupportedInterfaceOrientations_iPad = "UIInterfaceOrientationPortrait UIInterfaceOrientationPortraitUpsideDown UIInterfaceOrientationLandscapeLeft UIInterfaceOrientationLandscapeRight";
				INFOPLIST_KEY_UISupportedInterfaceOrientations_iPhone = "UIInterfaceOrientationPortrait UIInterfaceOrientationLandscapeLeft UIInterfaceOrientationLandscapeRight";
				LD_RUNPATH_SEARCH_PATHS = (
					"$(inherited)",
					"@executable_path/Frameworks",
				);
				MARKETING_VERSION = 1.0;
				PRODUCT_BUNDLE_IDENTIFIER = com.skylerLee.SeSACWeek18;
				PRODUCT_NAME = "$(TARGET_NAME)";
				SWIFT_EMIT_LOC_STRINGS = YES;
				SWIFT_VERSION = 5.0;
				TARGETED_DEVICE_FAMILY = "1,2";
			};
			name = Release;
		};
/* End XCBuildConfiguration section */

/* Begin XCConfigurationList section */
		C1BDE8C629120A0F00408BB3 /* Build configuration list for PBXProject "SeSACWeek18" */ = {
			isa = XCConfigurationList;
			buildConfigurations = (
				C1BDE8DD29120A1000408BB3 /* Debug */,
				C1BDE8DE29120A1000408BB3 /* Release */,
			);
			defaultConfigurationIsVisible = 0;
			defaultConfigurationName = Release;
		};
		C1BDE8DF29120A1000408BB3 /* Build configuration list for PBXNativeTarget "SeSACWeek18" */ = {
			isa = XCConfigurationList;
			buildConfigurations = (
				C1BDE8E029120A1000408BB3 /* Debug */,
				C1BDE8E129120A1000408BB3 /* Release */,
			);
			defaultConfigurationIsVisible = 0;
			defaultConfigurationName = Release;
		};
/* End XCConfigurationList section */

/* Begin XCRemoteSwiftPackageReference section */
		C13CD63D291353E20024F1DA /* XCRemoteSwiftPackageReference "RxSwift" */ = {
			isa = XCRemoteSwiftPackageReference;
			repositoryURL = "https://github.com/ReactiveX/RxSwift.git";
			requirement = {
				kind = upToNextMajorVersion;
				minimumVersion = 6.0.0;
			};
		};
		C13CD642291356B80024F1DA /* XCRemoteSwiftPackageReference "SnapKit" */ = {
			isa = XCRemoteSwiftPackageReference;
			repositoryURL = "https://github.com/SnapKit/SnapKit.git";
			requirement = {
				kind = upToNextMajorVersion;
				minimumVersion = 5.0.0;
			};
		};
		C1BDE8E229120A2300408BB3 /* XCRemoteSwiftPackageReference "Alamofire" */ = {
			isa = XCRemoteSwiftPackageReference;
			repositoryURL = "https://github.com/Alamofire/Alamofire.git";
			requirement = {
				kind = upToNextMajorVersion;
				minimumVersion = 5.0.0;
			};
		};
/* End XCRemoteSwiftPackageReference section */

/* Begin XCSwiftPackageProductDependency section */
		C13CD63E291353E20024F1DA /* RxCocoa */ = {
			isa = XCSwiftPackageProductDependency;
			package = C13CD63D291353E20024F1DA /* XCRemoteSwiftPackageReference "RxSwift" */;
			productName = RxCocoa;
		};
		C13CD640291353E20024F1DA /* RxSwift */ = {
			isa = XCSwiftPackageProductDependency;
			package = C13CD63D291353E20024F1DA /* XCRemoteSwiftPackageReference "RxSwift" */;
			productName = RxSwift;
		};
		C13CD643291356B80024F1DA /* SnapKit */ = {
			isa = XCSwiftPackageProductDependency;
			package = C13CD642291356B80024F1DA /* XCRemoteSwiftPackageReference "SnapKit" */;
			productName = SnapKit;
		};
		C1BDE8E329120A2300408BB3 /* Alamofire */ = {
			isa = XCSwiftPackageProductDependency;
			package = C1BDE8E229120A2300408BB3 /* XCRemoteSwiftPackageReference "Alamofire" */;
			productName = Alamofire;
		};
/* End XCSwiftPackageProductDependency section */
	};
	rootObject = C1BDE8C329120A0F00408BB3 /* Project object */;
}
